
Microsoft Visual Studio Solution File, Format Version 12.00
Project("{FAE04EC0-301F-11D3-BF4B-00C04F79EFBC}") = "DotnetMultiverse", "DotnetMultiverse\DotnetMultiverse.csproj", "{214BFF03-77EE-4F82-818C-D0A85775FEE9}"
EndProject
Project("{FAE04EC0-301F-11D3-BF4B-00C04F79EFBC}") = "DotnetMultiverse.Shared.SoundConverter", "DotnetMultiverse.Shared.SoundConverter\DotnetMultiverse.Shared.SoundConverter.csproj", "{4AED868C-91C7-43B8-A6A1-84B266C621F3}"
EndProject
Project("{FAE04EC0-301F-11D3-BF4B-00C04F79EFBC}") = "DotnetMultiverse.Client.SoundConverter", "DotnetMultiverse.Client.SoundConverter\DotnetMultiverse.Client.SoundConverter.csproj", "{CD307DF4-2059-4003-85FD-A9A6B9E67CE6}"
EndProject
Project("{FAE04EC0-301F-11D3-BF4B-00C04F79EFBC}") = "DotnetMultiverse.PWA.SoundConverter", "DotnetMultiverse.PWA.SoundConverter\DotnetMultiverse.PWA.SoundConverter.csproj", "{14898DF4-26F4-4FCA-9A45-968A1F4CCB27}"
EndProject
Project("{FAE04EC0-301F-11D3-BF4B-00C04F79EFBC}") = "CustomDevServer", "CustomDevServer\CustomDevServer.csproj", "{0A8EABC4-1833-4A80-A7BD-E861A0AB97E3}"
EndProject
Global
	GlobalSection(SolutionConfigurationPlatforms) = preSolution
		Debug|Any CPU = Debug|Any CPU
		Release|Any CPU = Release|Any CPU
	EndGlobalSection
	GlobalSection(ProjectConfigurationPlatforms) = postSolution
		{214BFF03-77EE-4F82-818C-D0A85775FEE9}.Debug|Any CPU.ActiveCfg = Debug|Any CPU
		{214BFF03-77EE-4F82-818C-D0A85775FEE9}.Debug|Any CPU.Build.0 = Debug|Any CPU
		{214BFF03-77EE-4F82-818C-D0A85775FEE9}.Release|Any CPU.ActiveCfg = Release|Any CPU
		{214BFF03-77EE-4F82-818C-D0A85775FEE9}.Release|Any CPU.Build.0 = Release|Any CPU
		{4AED868C-91C7-43B8-A6A1-84B266C621F3}.Debug|Any CPU.ActiveCfg = Debug|Any CPU
		{4AED868C-91C7-43B8-A6A1-84B266C621F3}.Debug|Any CPU.Build.0 = Debug|Any CPU
		{4AED868C-91C7-43B8-A6A1-84B266C621F3}.Release|Any CPU.ActiveCfg = Release|Any CPU
		{4AED868C-91C7-43B8-A6A1-84B266C621F3}.Release|Any CPU.Build.0 = Release|Any CPU
		{CD307DF4-2059-4003-85FD-A9A6B9E67CE6}.Debug|Any CPU.ActiveCfg = Debug|Any CPU
		{CD307DF4-2059-4003-85FD-A9A6B9E67CE6}.Debug|Any CPU.Build.0 = Debug|Any CPU
		{CD307DF4-2059-4003-85FD-A9A6B9E67CE6}.Release|Any CPU.ActiveCfg = Release|Any CPU
		{CD307DF4-2059-4003-85FD-A9A6B9E67CE6}.Release|Any CPU.Build.0 = Release|Any CPU
		{14898DF4-26F4-4FCA-9A45-968A1F4CCB27}.Debug|Any CPU.ActiveCfg = Debug|Any CPU
		{14898DF4-26F4-4FCA-9A45-968A1F4CCB27}.Debug|Any CPU.Build.0 = Debug|Any CPU
		{14898DF4-26F4-4FCA-9A45-968A1F4CCB27}.Release|Any CPU.ActiveCfg = Release|Any CPU
		{14898DF4-26F4-4FCA-9A45-968A1F4CCB27}.Release|Any CPU.Build.0 = Release|Any CPU
		{0A8EABC4-1833-4A80-A7BD-E861A0AB97E3}.Debug|Any CPU.ActiveCfg = Debug|Any CPU
		{0A8EABC4-1833-4A80-A7BD-E861A0AB97E3}.Debug|Any CPU.Build.0 = Debug|Any CPU
		{0A8EABC4-1833-4A80-A7BD-E861A0AB97E3}.Release|Any CPU.ActiveCfg = Release|Any CPU
		{0A8EABC4-1833-4A80-A7BD-E861A0AB97E3}.Release|Any CPU.Build.0 = Release|Any CPU
	EndGlobalSection
EndGlobal
