
Microsoft Visual Studio Solution File, Format Version 12.00
Project("{FAE04EC0-301F-11D3-BF4B-00C04F79EFBC}") = "MJ.ServerApp.AudioConverter", "MJ.ServerApp.AudioConverter\MJ.ServerApp.AudioConverter.csproj", "{214BFF03-77EE-4F82-818C-D0A85775FEE9}"
EndProject
Project("{FAE04EC0-301F-11D3-BF4B-00C04F79EFBC}") = "MJ.Module.AudioConverter", "MJ.Module.AudioConverter\MJ.Module.AudioConverter.csproj", "{4AED868C-91C7-43B8-A6A1-84B266C621F3}"
EndProject
Project("{FAE04EC0-301F-11D3-BF4B-00C04F79EFBC}") = "MJ.ClientApp.AudioConverter", "MJ.ClientApp.AudioConverter\MJ.ClientApp.AudioConverter.csproj", "{CD307DF4-2059-4003-85FD-A9A6B9E67CE6}"
EndProject
Project("{FAE04EC0-301F-11D3-BF4B-00C04F79EFBC}") = "MJ.PWA.AudioConverter", "MJ.PWA.AudioConverter\MJ.PWA.AudioConverter.csproj", "{14898DF4-26F4-4FCA-9A45-968A1F4CCB27}"
EndProject
Project("{FAE04EC0-301F-11D3-BF4B-00C04F79EFBC}") = "MJ.ServerApp.CustomDevServer", "MJ.ServerApp.CustomDevServer\MJ.ServerApp.CustomDevServer.csproj", "{0A8EABC4-1833-4A80-A7BD-E861A0AB97E3}"
EndProject
Project("{FAE04EC0-301F-11D3-BF4B-00C04F79EFBC}") = "MJ.BlazorComponent.AudioConverter", "MJ.BlazorComponent.AudioConverter\MJ.BlazorComponent.AudioConverter.csproj", "{44F13F83-598A-4846-961E-2DDC88AA3AB2}"
EndProject
Project("{2150E333-8FDC-42A3-9474-1A3956D46DE8}") = "MJ.BlazorComponent.AudioConverter", "MJ.BlazorComponent.AudioConverter", "{C67EEBC0-7765-4F69-B76A-18DB0CDEBB4B}"
EndProject
Project("{2150E333-8FDC-42A3-9474-1A3956D46DE8}") = "MJ.Module.AudioConverter", "MJ.Module.AudioConverter", "{EE297094-210D-4826-87CC-B7F8D5175549}"
EndProject
Project("{2150E333-8FDC-42A3-9474-1A3956D46DE8}") = "MJ.App.AudioConverter", "MJ.App.AudioConverter", "{D27B4463-DC77-46E5-B662-273B6454AC98}"
EndProject
Project("{2150E333-8FDC-42A3-9474-1A3956D46DE8}") = "MJ.PWA.AudioConverter", "MJ.PWA.AudioConverter", "{939EEAE6-8306-40BB-9BF5-142692783577}"
EndProject
Project("{2150E333-8FDC-42A3-9474-1A3956D46DE8}") = "MJ.App.DevServer", "MJ.App.DevServer", "{9D9BD0B9-3F81-48FD-9AD3-B65859BF7C12}"
EndProject
Project("{FAE04EC0-301F-11D3-BF4B-00C04F79EFBC}") = "MJ.Module.AudioConverter.Test", "MJ.Module.AudioConverter.Test\MJ.Module.AudioConverter.Test.csproj", "{DCB0D88A-7721-4BB6-B632-33B18DA5684F}"
EndProject
Project("{FAE04EC0-301F-11D3-BF4B-00C04F79EFBC}") = "MJ.BlazorComponent.AudioConverter.Test", "MJ.BlazorComponent.AudioConverter.Test\MJ.BlazorComponent.AudioConverter.Test.csproj", "{41F37341-DB34-4F8E-9E46-310EB35CB787}"
EndProject
Global
	GlobalSection(SolutionConfigurationPlatforms) = preSolution
		Debug|Any CPU = Debug|Any CPU
		Release|Any CPU = Release|Any CPU
	EndGlobalSection
	GlobalSection(ProjectConfigurationPlatforms) = postSolution
		{214BFF03-77EE-4F82-818C-D0A85775FEE9}.Debug|Any CPU.ActiveCfg = Debug|Any CPU
		{214BFF03-77EE-4F82-818C-D0A85775FEE9}.Debug|Any CPU.Build.0 = Debug|Any CPU
		{214BFF03-77EE-4F82-818C-D0A85775FEE9}.Release|Any CPU.ActiveCfg = Release|Any CPU
		{214BFF03-77EE-4F82-818C-D0A85775FEE9}.Release|Any CPU.Build.0 = Release|Any CPU
		{4AED868C-91C7-43B8-A6A1-84B266C621F3}.Debug|Any CPU.ActiveCfg = Debug|Any CPU
		{4AED868C-91C7-43B8-A6A1-84B266C621F3}.Debug|Any CPU.Build.0 = Debug|Any CPU
		{4AED868C-91C7-43B8-A6A1-84B266C621F3}.Release|Any CPU.ActiveCfg = Release|Any CPU
		{4AED868C-91C7-43B8-A6A1-84B266C621F3}.Release|Any CPU.Build.0 = Release|Any CPU
		{CD307DF4-2059-4003-85FD-A9A6B9E67CE6}.Debug|Any CPU.ActiveCfg = Debug|Any CPU
		{CD307DF4-2059-4003-85FD-A9A6B9E67CE6}.Debug|Any CPU.Build.0 = Debug|Any CPU
		{CD307DF4-2059-4003-85FD-A9A6B9E67CE6}.Release|Any CPU.ActiveCfg = Release|Any CPU
		{CD307DF4-2059-4003-85FD-A9A6B9E67CE6}.Release|Any CPU.Build.0 = Release|Any CPU
		{14898DF4-26F4-4FCA-9A45-968A1F4CCB27}.Debug|Any CPU.ActiveCfg = Debug|Any CPU
		{14898DF4-26F4-4FCA-9A45-968A1F4CCB27}.Debug|Any CPU.Build.0 = Debug|Any CPU
		{14898DF4-26F4-4FCA-9A45-968A1F4CCB27}.Release|Any CPU.ActiveCfg = Release|Any CPU
		{14898DF4-26F4-4FCA-9A45-968A1F4CCB27}.Release|Any CPU.Build.0 = Release|Any CPU
		{0A8EABC4-1833-4A80-A7BD-E861A0AB97E3}.Debug|Any CPU.ActiveCfg = Debug|Any CPU
		{0A8EABC4-1833-4A80-A7BD-E861A0AB97E3}.Debug|Any CPU.Build.0 = Debug|Any CPU
		{0A8EABC4-1833-4A80-A7BD-E861A0AB97E3}.Release|Any CPU.ActiveCfg = Release|Any CPU
		{0A8EABC4-1833-4A80-A7BD-E861A0AB97E3}.Release|Any CPU.Build.0 = Release|Any CPU
		{44F13F83-598A-4846-961E-2DDC88AA3AB2}.Debug|Any CPU.ActiveCfg = Debug|Any CPU
		{44F13F83-598A-4846-961E-2DDC88AA3AB2}.Debug|Any CPU.Build.0 = Debug|Any CPU
		{44F13F83-598A-4846-961E-2DDC88AA3AB2}.Release|Any CPU.ActiveCfg = Release|Any CPU
		{44F13F83-598A-4846-961E-2DDC88AA3AB2}.Release|Any CPU.Build.0 = Release|Any CPU
		{DCB0D88A-7721-4BB6-B632-33B18DA5684F}.Debug|Any CPU.ActiveCfg = Debug|Any CPU
		{DCB0D88A-7721-4BB6-B632-33B18DA5684F}.Debug|Any CPU.Build.0 = Debug|Any CPU
		{DCB0D88A-7721-4BB6-B632-33B18DA5684F}.Release|Any CPU.ActiveCfg = Release|Any CPU
		{DCB0D88A-7721-4BB6-B632-33B18DA5684F}.Release|Any CPU.Build.0 = Release|Any CPU
		{41F37341-DB34-4F8E-9E46-310EB35CB787}.Debug|Any CPU.ActiveCfg = Debug|Any CPU
		{41F37341-DB34-4F8E-9E46-310EB35CB787}.Debug|Any CPU.Build.0 = Debug|Any CPU
		{41F37341-DB34-4F8E-9E46-310EB35CB787}.Release|Any CPU.ActiveCfg = Release|Any CPU
		{41F37341-DB34-4F8E-9E46-310EB35CB787}.Release|Any CPU.Build.0 = Release|Any CPU
	EndGlobalSection
	GlobalSection(NestedProjects) = preSolution
		{44F13F83-598A-4846-961E-2DDC88AA3AB2} = {C67EEBC0-7765-4F69-B76A-18DB0CDEBB4B}
		{4AED868C-91C7-43B8-A6A1-84B266C621F3} = {EE297094-210D-4826-87CC-B7F8D5175549}
		{214BFF03-77EE-4F82-818C-D0A85775FEE9} = {D27B4463-DC77-46E5-B662-273B6454AC98}
		{CD307DF4-2059-4003-85FD-A9A6B9E67CE6} = {D27B4463-DC77-46E5-B662-273B6454AC98}
		{14898DF4-26F4-4FCA-9A45-968A1F4CCB27} = {939EEAE6-8306-40BB-9BF5-142692783577}
		{0A8EABC4-1833-4A80-A7BD-E861A0AB97E3} = {9D9BD0B9-3F81-48FD-9AD3-B65859BF7C12}
		{DCB0D88A-7721-4BB6-B632-33B18DA5684F} = {EE297094-210D-4826-87CC-B7F8D5175549}
		{41F37341-DB34-4F8E-9E46-310EB35CB787} = {C67EEBC0-7765-4F69-B76A-18DB0CDEBB4B}
	EndGlobalSection
EndGlobal
